
Microsoft Visual Studio Solution File, Format Version 11.00
# Visual Studio 2010
Project("{FAE04EC0-301F-11D3-BF4B-00C04F79EFBC}") = "Your Ball Your Choice", "Assembly-CSharp.csproj", "{66B5435D-5F85-D5E0-680D-F1F073FBDFD2}"
EndProject
Global
	GlobalSection(SolutionConfigurationPlatforms) = preSolution
		Debug|Any CPU = Debug|Any CPU
		Release|Any CPU = Release|Any CPU
	EndGlobalSection
	GlobalSection(ProjectConfigurationPlatforms) = postSolution
		{66B5435D-5F85-D5E0-680D-F1F073FBDFD2}.Debug|Any CPU.ActiveCfg = Debug|Any CPU
		{66B5435D-5F85-D5E0-680D-F1F073FBDFD2}.Debug|Any CPU.Build.0 = Debug|Any CPU
		{66B5435D-5F85-D5E0-680D-F1F073FBDFD2}.Release|Any CPU.ActiveCfg = Release|Any CPU
		{66B5435D-5F85-D5E0-680D-F1F073FBDFD2}.Release|Any CPU.Build.0 = Release|Any CPU
	EndGlobalSection
	GlobalSection(SolutionProperties) = preSolution
		HideSolutionNode = FALSE
	EndGlobalSection
	GlobalSection(MonoDevelopProperties) = preSolution
		StartupItem = Assembly-CSharp.csproj
	EndGlobalSection
EndGlobal
